
Microsoft Visual Studio Solution File, Format Version 12.00
# Visual Studio 15
VisualStudioVersion = 15.0.28307.168
MinimumVisualStudioVersion = 10.0.40219.1
Project("{9A19103F-16F7-4668-BE54-9A1E7A4F7556}") = "PSFiddle.UIAutomation.POM", "PSFiddle.UIAutomation.POM\PSFiddle.UIAutomation.POM.csproj", "{C7A3F185-7C07-4881-AB85-EBC4E2CE1040}"
EndProject
Project("{9A19103F-16F7-4668-BE54-9A1E7A4F7556}") = "PSFiddle.UIAutomation.POM.Driver", "PSFiddle.UIAutomation.POM.Driver\PSFiddle.UIAutomation.POM.Driver.csproj", "{ADE9A4EC-01C8-441B-99E3-00163BEF6DDA}"
EndProject
Project("{9A19103F-16F7-4668-BE54-9A1E7A4F7556}") = "PSFiddle.UIAutomation.Framework", "PSFiddle.UIAutomation.Framework\PSFiddle.UIAutomation.Framework.csproj", "{31F6FA8E-5311-468B-89A3-1099D14A683B}"
EndProject
Project("{9A19103F-16F7-4668-BE54-9A1E7A4F7556}") = "PSFiddle.UIAutomation.POM.Msbuild", "PSFiddle.UIAutomation.POM.Msbuild\PSFiddle.UIAutomation.POM.Msbuild.csproj", "{8AB080D9-F5F5-4655-A709-839991206A08}"
EndProject
Project("{FAE04EC0-301F-11D3-BF4B-00C04F79EFBC}") = "PSFiddle.UIAutomation.Tools", "PSFiddle.UIAutomation.Tools\PSFiddle.UIAutomation.Tools.csproj", "{B582C1B3-2BBA-4334-A9E3-9F3CA0A7DFE4}"
EndProject
Global
	GlobalSection(SolutionConfigurationPlatforms) = preSolution
		Debug|Any CPU = Debug|Any CPU
		Release|Any CPU = Release|Any CPU
	EndGlobalSection
	GlobalSection(ProjectConfigurationPlatforms) = postSolution
		{C7A3F185-7C07-4881-AB85-EBC4E2CE1040}.Debug|Any CPU.ActiveCfg = Debug|Any CPU
		{C7A3F185-7C07-4881-AB85-EBC4E2CE1040}.Debug|Any CPU.Build.0 = Debug|Any CPU
		{C7A3F185-7C07-4881-AB85-EBC4E2CE1040}.Release|Any CPU.ActiveCfg = Release|Any CPU
		{C7A3F185-7C07-4881-AB85-EBC4E2CE1040}.Release|Any CPU.Build.0 = Release|Any CPU
		{ADE9A4EC-01C8-441B-99E3-00163BEF6DDA}.Debug|Any CPU.ActiveCfg = Debug|Any CPU
		{ADE9A4EC-01C8-441B-99E3-00163BEF6DDA}.Debug|Any CPU.Build.0 = Debug|Any CPU
		{ADE9A4EC-01C8-441B-99E3-00163BEF6DDA}.Release|Any CPU.ActiveCfg = Release|Any CPU
		{ADE9A4EC-01C8-441B-99E3-00163BEF6DDA}.Release|Any CPU.Build.0 = Release|Any CPU
		{31F6FA8E-5311-468B-89A3-1099D14A683B}.Debug|Any CPU.ActiveCfg = Debug|Any CPU
		{31F6FA8E-5311-468B-89A3-1099D14A683B}.Debug|Any CPU.Build.0 = Debug|Any CPU
		{31F6FA8E-5311-468B-89A3-1099D14A683B}.Release|Any CPU.ActiveCfg = Release|Any CPU
		{31F6FA8E-5311-468B-89A3-1099D14A683B}.Release|Any CPU.Build.0 = Release|Any CPU
		{8AB080D9-F5F5-4655-A709-839991206A08}.Debug|Any CPU.ActiveCfg = Debug|Any CPU
		{8AB080D9-F5F5-4655-A709-839991206A08}.Debug|Any CPU.Build.0 = Debug|Any CPU
		{8AB080D9-F5F5-4655-A709-839991206A08}.Release|Any CPU.ActiveCfg = Release|Any CPU
		{8AB080D9-F5F5-4655-A709-839991206A08}.Release|Any CPU.Build.0 = Release|Any CPU
		{B582C1B3-2BBA-4334-A9E3-9F3CA0A7DFE4}.Debug|Any CPU.ActiveCfg = Debug|Any CPU
		{B582C1B3-2BBA-4334-A9E3-9F3CA0A7DFE4}.Debug|Any CPU.Build.0 = Debug|Any CPU
		{B582C1B3-2BBA-4334-A9E3-9F3CA0A7DFE4}.Release|Any CPU.ActiveCfg = Release|Any CPU
		{B582C1B3-2BBA-4334-A9E3-9F3CA0A7DFE4}.Release|Any CPU.Build.0 = Release|Any CPU
	EndGlobalSection
	GlobalSection(SolutionProperties) = preSolution
		HideSolutionNode = FALSE
	EndGlobalSection
	GlobalSection(ExtensibilityGlobals) = postSolution
		SolutionGuid = {142A2CB6-7083-4200-A297-C8FC47A08792}
	EndGlobalSection
EndGlobal
